
Microsoft Visual Studio Solution File, Format Version 12.00
# Visual Studio 15
VisualStudioVersion = 15.0.26730.16
MinimumVisualStudioVersion = 10.0.40219.1
Project("{FAE04EC0-301F-11D3-BF4B-00C04F79EFBC}") = "Damas", "Damas\Damas.csproj", "{072E51FC-33D3-480F-82F5-012E34A4CD94}"
EndProject
Global
	GlobalSection(SolutionConfigurationPlatforms) = preSolution
		Debug|Any CPU = Debug|Any CPU
		Release|Any CPU = Release|Any CPU
	EndGlobalSection
	GlobalSection(ProjectConfigurationPlatforms) = postSolution
		{072E51FC-33D3-480F-82F5-012E34A4CD94}.Debug|Any CPU.ActiveCfg = Debug|Any CPU
		{072E51FC-33D3-480F-82F5-012E34A4CD94}.Debug|Any CPU.Build.0 = Debug|Any CPU
		{072E51FC-33D3-480F-82F5-012E34A4CD94}.Release|Any CPU.ActiveCfg = Release|Any CPU
		{072E51FC-33D3-480F-82F5-012E34A4CD94}.Release|Any CPU.Build.0 = Release|Any CPU
	EndGlobalSection
	GlobalSection(SolutionProperties) = preSolution
		HideSolutionNode = FALSE
	EndGlobalSection
	GlobalSection(ExtensibilityGlobals) = postSolution
		SolutionGuid = {AF694F38-988D-481B-BB25-2435E6746EF9}
	EndGlobalSection
EndGlobal
